dependencies:
  '@rushstack/ts-command-line': 4.7.9
lockfileVersion: 5.2
packages:
  /@rushstack/ts-command-line/4.7.9:
    dependencies:
      '@types/argparse': 1.0.38
      argparse: 1.0.10
      colors: 1.2.5
      string-argv: 0.3.1
    dev: false
    resolution:
      integrity: sha512-Jq5O4t0op9xdFfS9RbUV/ZFlAFxX6gdVTY+69UFRTn9pwWOzJR0kroty01IlnDByPCgvHH8RMz9sEXzD9Qxdrg==
  /@types/argparse/1.0.38:
    dev: false
    resolution:
      integrity: sha512-ebDJ9b0e702Yr7pWgB0jzm+CX4Srzz8RcXtLJDJB+BSccqMa36uyH/zUsSYao5+BD1ytv3k3rPYCq4mAE1hsXA==
  /argparse/1.0.10:
    dependencies:
      sprintf-js: 1.0.3
    dev: false
    resolution:
      integrity: sha512-o5Roy6tNG4SL/FOkCAN6RzjiakZS25RLYFrcMttJqbdd8BWrnA+fGz57iN5Pb06pvBGvl5gQ0B48dJlslXvoTg==
  /colors/1.2.5:
    dev: false
    engines:
      node: '>=0.1.90'
    resolution:
      integrity: sha512-erNRLao/Y3Fv54qUa0LBB+//Uf3YwMUmdJinN20yMXm9zdKKqH9wt7R9IIVZ+K7ShzfpLV/Zg8+VyrBJYB4lpg==
  /sprintf-js/1.0.3:
    dev: false
    resolution:
      integrity: sha1-BOaSb2YolTVPPdAVIDYzuFcpfiw=
  /string-argv/0.3.1:
    dev: false
    engines:
      node: '>=0.6.19'
    resolution:
      integrity: sha512-a1uQGz7IyVy9YwhqjZIZu1c8JO8dNIe20xBmSS6qu9kv++k3JGzCVmprbNN5Kn+BgzD5E7YYwg1CcjuJMRNsvg==
specifiers:
  '@rushstack/ts-command-line': ^4.7.9
